
Microsoft Visual Studio Solution File, Format Version 12.00
# Visual Studio Version 16
VisualStudioVersion = 16.0.31624.102
MinimumVisualStudioVersion = 10.0.40219.1
Project("{FAE04EC0-301F-11D3-BF4B-00C04F79EFBC}") = "MyXamApp.UWP", "MyXamApp\MyXamApp.UWP\MyXamApp.UWP.csproj", "{70B003D4-EA4C-4BE4-B486-76326D849A4C}"
EndProject
Project("{FAE04EC0-301F-11D3-BF4B-00C04F79EFBC}") = "MyXamApp.Android", "MyXamApp\MyXamApp.Android\MyXamApp.Android.csproj", "{2E80B4E2-B82F-48A4-82C6-7F0E8749601F}"
EndProject
Project("{FAE04EC0-301F-11D3-BF4B-00C04F79EFBC}") = "MyXamApp.iOS", "MyXamApp\MyXamApp.iOS\MyXamApp.iOS.csproj", "{3E658E99-9CA8-4A3B-BF4D-F4236B3F5594}"
EndProject
Project("{FAE04EC0-301F-11D3-BF4B-00C04F79EFBC}") = "MyXamApp", "MyXamApp\MyXamApp\MyXamApp.csproj", "{F097E35B-FDC1-4F61-BCBA-2FA2BE5D4041}"
EndProject
Global
	GlobalSection(SolutionConfigurationPlatforms) = preSolution
		Debug|Any CPU = Debug|Any CPU
		Debug|ARM = Debug|ARM
		Debug|iPhone = Debug|iPhone
		Debug|iPhoneSimulator = Debug|iPhoneSimulator
		Debug|x64 = Debug|x64
		Debug|x86 = Debug|x86
		Release|Any CPU = Release|Any CPU
		Release|ARM = Release|ARM
		Release|iPhone = Release|iPhone
		Release|iPhoneSimulator = Release|iPhoneSimulator
		Release|x64 = Release|x64
		Release|x86 = Release|x86
	EndGlobalSection
	GlobalSection(ProjectConfigurationPlatforms) = postSolution
		{70B003D4-EA4C-4BE4-B486-76326D849A4C}.Debug|Any CPU.ActiveCfg = Debug|x86
		{70B003D4-EA4C-4BE4-B486-76326D849A4C}.Debug|Any CPU.Build.0 = Debug|x86
		{70B003D4-EA4C-4BE4-B486-76326D849A4C}.Debug|Any CPU.Deploy.0 = Debug|x86
		{70B003D4-EA4C-4BE4-B486-76326D849A4C}.Debug|ARM.ActiveCfg = Debug|ARM
		{70B003D4-EA4C-4BE4-B486-76326D849A4C}.Debug|ARM.Build.0 = Debug|ARM
		{70B003D4-EA4C-4BE4-B486-76326D849A4C}.Debug|ARM.Deploy.0 = Debug|ARM
		{70B003D4-EA4C-4BE4-B486-76326D849A4C}.Debug|iPhone.ActiveCfg = Debug|x86
		{70B003D4-EA4C-4BE4-B486-76326D849A4C}.Debug|iPhone.Build.0 = Debug|x86
		{70B003D4-EA4C-4BE4-B486-76326D849A4C}.Debug|iPhone.Deploy.0 = Debug|x86
		{70B003D4-EA4C-4BE4-B486-76326D849A4C}.Debug|iPhoneSimulator.ActiveCfg = Debug|x86
		{70B003D4-EA4C-4BE4-B486-76326D849A4C}.Debug|iPhoneSimulator.Build.0 = Debug|x86
		{70B003D4-EA4C-4BE4-B486-76326D849A4C}.Debug|iPhoneSimulator.Deploy.0 = Debug|x86
		{70B003D4-EA4C-4BE4-B486-76326D849A4C}.Debug|x64.ActiveCfg = Debug|x64
		{70B003D4-EA4C-4BE4-B486-76326D849A4C}.Debug|x64.Build.0 = Debug|x64
		{70B003D4-EA4C-4BE4-B486-76326D849A4C}.Debug|x64.Deploy.0 = Debug|x64
		{70B003D4-EA4C-4BE4-B486-76326D849A4C}.Debug|x86.ActiveCfg = Debug|x86
		{70B003D4-EA4C-4BE4-B486-76326D849A4C}.Debug|x86.Build.0 = Debug|x86
		{70B003D4-EA4C-4BE4-B486-76326D849A4C}.Debug|x86.Deploy.0 = Debug|x86
		{70B003D4-EA4C-4BE4-B486-76326D849A4C}.Release|Any CPU.ActiveCfg = Release|x86
		{70B003D4-EA4C-4BE4-B486-76326D849A4C}.Release|Any CPU.Build.0 = Release|x86
		{70B003D4-EA4C-4BE4-B486-76326D849A4C}.Release|Any CPU.Deploy.0 = Release|x86
		{70B003D4-EA4C-4BE4-B486-76326D849A4C}.Release|ARM.ActiveCfg = Release|ARM
		{70B003D4-EA4C-4BE4-B486-76326D849A4C}.Release|ARM.Build.0 = Release|ARM
		{70B003D4-EA4C-4BE4-B486-76326D849A4C}.Release|ARM.Deploy.0 = Release|ARM
		{70B003D4-EA4C-4BE4-B486-76326D849A4C}.Release|iPhone.ActiveCfg = Release|x86
		{70B003D4-EA4C-4BE4-B486-76326D849A4C}.Release|iPhone.Build.0 = Release|x86
		{70B003D4-EA4C-4BE4-B486-76326D849A4C}.Release|iPhone.Deploy.0 = Release|x86
		{70B003D4-EA4C-4BE4-B486-76326D849A4C}.Release|iPhoneSimulator.ActiveCfg = Release|x86
		{70B003D4-EA4C-4BE4-B486-76326D849A4C}.Release|iPhoneSimulator.Build.0 = Release|x86
		{70B003D4-EA4C-4BE4-B486-76326D849A4C}.Release|iPhoneSimulator.Deploy.0 = Release|x86
		{70B003D4-EA4C-4BE4-B486-76326D849A4C}.Release|x64.ActiveCfg = Release|x64
		{70B003D4-EA4C-4BE4-B486-76326D849A4C}.Release|x64.Build.0 = Release|x64
		{70B003D4-EA4C-4BE4-B486-76326D849A4C}.Release|x64.Deploy.0 = Release|x64
		{70B003D4-EA4C-4BE4-B486-76326D849A4C}.Release|x86.ActiveCfg = Release|x86
		{70B003D4-EA4C-4BE4-B486-76326D849A4C}.Release|x86.Build.0 = Release|x86
		{70B003D4-EA4C-4BE4-B486-76326D849A4C}.Release|x86.Deploy.0 = Release|x86
		{2E80B4E2-B82F-48A4-82C6-7F0E8749601F}.Debug|Any CPU.ActiveCfg = Debug|Any CPU
		{2E80B4E2-B82F-48A4-82C6-7F0E8749601F}.Debug|Any CPU.Build.0 = Debug|Any CPU
		{2E80B4E2-B82F-48A4-82C6-7F0E8749601F}.Debug|Any CPU.Deploy.0 = Debug|Any CPU
		{2E80B4E2-B82F-48A4-82C6-7F0E8749601F}.Debug|ARM.ActiveCfg = Debug|Any CPU
		{2E80B4E2-B82F-48A4-82C6-7F0E8749601F}.Debug|ARM.Build.0 = Debug|Any CPU
		{2E80B4E2-B82F-48A4-82C6-7F0E8749601F}.Debug|ARM.Deploy.0 = Debug|Any CPU
		{2E80B4E2-B82F-48A4-82C6-7F0E8749601F}.Debug|iPhone.ActiveCfg = Debug|Any CPU
		{2E80B4E2-B82F-48A4-82C6-7F0E8749601F}.Debug|iPhone.Build.0 = Debug|Any CPU
		{2E80B4E2-B82F-48A4-82C6-7F0E8749601F}.Debug|iPhone.Deploy.0 = Debug|Any CPU
		{2E80B4E2-B82F-48A4-82C6-7F0E8749601F}.Debug|iPhoneSimulator.ActiveCfg = Debug|Any CPU
		{2E80B4E2-B82F-48A4-82C6-7F0E8749601F}.Debug|iPhoneSimulator.Build.0 = Debug|Any CPU
		{2E80B4E2-B82F-48A4-82C6-7F0E8749601F}.Debug|iPhoneSimulator.Deploy.0 = Debug|Any CPU
		{2E80B4E2-B82F-48A4-82C6-7F0E8749601F}.Debug|x64.ActiveCfg = Debug|Any CPU
		{2E80B4E2-B82F-48A4-82C6-7F0E8749601F}.Debug|x64.Build.0 = Debug|Any CPU
		{2E80B4E2-B82F-48A4-82C6-7F0E8749601F}.Debug|x64.Deploy.0 = Debug|Any CPU
		{2E80B4E2-B82F-48A4-82C6-7F0E8749601F}.Debug|x86.ActiveCfg = Debug|Any CPU
		{2E80B4E2-B82F-48A4-82C6-7F0E8749601F}.Debug|x86.Build.0 = Debug|Any CPU
		{2E80B4E2-B82F-48A4-82C6-7F0E8749601F}.Debug|x86.Deploy.0 = Debug|Any CPU
		{2E80B4E2-B82F-48A4-82C6-7F0E8749601F}.Release|Any CPU.ActiveCfg = Release|Any CPU
		{2E80B4E2-B82F-48A4-82C6-7F0E8749601F}.Release|Any CPU.Build.0 = Release|Any CPU
		{2E80B4E2-B82F-48A4-82C6-7F0E8749601F}.Release|Any CPU.Deploy.0 = Release|Any CPU
		{2E80B4E2-B82F-48A4-82C6-7F0E8749601F}.Release|ARM.ActiveCfg = Release|Any CPU
		{2E80B4E2-B82F-48A4-82C6-7F0E8749601F}.Release|ARM.Build.0 = Release|Any CPU
		{2E80B4E2-B82F-48A4-82C6-7F0E8749601F}.Release|ARM.Deploy.0 = Release|Any CPU
		{2E80B4E2-B82F-48A4-82C6-7F0E8749601F}.Release|iPhone.ActiveCfg = Release|Any CPU
		{2E80B4E2-B82F-48A4-82C6-7F0E8749601F}.Release|iPhone.Build.0 = Release|Any CPU
		{2E80B4E2-B82F-48A4-82C6-7F0E8749601F}.Release|iPhone.Deploy.0 = Release|Any CPU
		{2E80B4E2-B82F-48A4-82C6-7F0E8749601F}.Release|iPhoneSimulator.ActiveCfg = Release|Any CPU
		{2E80B4E2-B82F-48A4-82C6-7F0E8749601F}.Release|iPhoneSimulator.Build.0 = Release|Any CPU
		{2E80B4E2-B82F-48A4-82C6-7F0E8749601F}.Release|iPhoneSimulator.Deploy.0 = Release|Any CPU
		{2E80B4E2-B82F-48A4-82C6-7F0E8749601F}.Release|x64.ActiveCfg = Release|Any CPU
		{2E80B4E2-B82F-48A4-82C6-7F0E8749601F}.Release|x64.Build.0 = Release|Any CPU
		{2E80B4E2-B82F-48A4-82C6-7F0E8749601F}.Release|x64.Deploy.0 = Release|Any CPU
		{2E80B4E2-B82F-48A4-82C6-7F0E8749601F}.Release|x86.ActiveCfg = Release|Any CPU
		{2E80B4E2-B82F-48A4-82C6-7F0E8749601F}.Release|x86.Build.0 = Release|Any CPU
		{2E80B4E2-B82F-48A4-82C6-7F0E8749601F}.Release|x86.Deploy.0 = Release|Any CPU
		{3E658E99-9CA8-4A3B-BF4D-F4236B3F5594}.Debug|Any CPU.ActiveCfg = Debug|iPhoneSimulator
		{3E658E99-9CA8-4A3B-BF4D-F4236B3F5594}.Debug|Any CPU.Build.0 = Debug|iPhoneSimulator
		{3E658E99-9CA8-4A3B-BF4D-F4236B3F5594}.Debug|Any CPU.Deploy.0 = Debug|iPhoneSimulator
		{3E658E99-9CA8-4A3B-BF4D-F4236B3F5594}.Debug|ARM.ActiveCfg = Debug|iPhone
		{3E658E99-9CA8-4A3B-BF4D-F4236B3F5594}.Debug|ARM.Build.0 = Debug|iPhone
		{3E658E99-9CA8-4A3B-BF4D-F4236B3F5594}.Debug|ARM.Deploy.0 = Debug|iPhone
		{3E658E99-9CA8-4A3B-BF4D-F4236B3F5594}.Debug|iPhone.ActiveCfg = Debug|iPhone
		{3E658E99-9CA8-4A3B-BF4D-F4236B3F5594}.Debug|iPhone.Build.0 = Debug|iPhone
		{3E658E99-9CA8-4A3B-BF4D-F4236B3F5594}.Debug|iPhone.Deploy.0 = Debug|iPhone
		{3E658E99-9CA8-4A3B-BF4D-F4236B3F5594}.Debug|iPhoneSimulator.ActiveCfg = Debug|iPhoneSimulator
		{3E658E99-9CA8-4A3B-BF4D-F4236B3F5594}.Debug|iPhoneSimulator.Build.0 = Debug|iPhoneSimulator
		{3E658E99-9CA8-4A3B-BF4D-F4236B3F5594}.Debug|iPhoneSimulator.Deploy.0 = Debug|iPhoneSimulator
		{3E658E99-9CA8-4A3B-BF4D-F4236B3F5594}.Debug|x64.ActiveCfg = Debug|iPhoneSimulator
		{3E658E99-9CA8-4A3B-BF4D-F4236B3F5594}.Debug|x64.Build.0 = Debug|iPhoneSimulator
		{3E658E99-9CA8-4A3B-BF4D-F4236B3F5594}.Debug|x64.Deploy.0 = Debug|iPhoneSimulator
		{3E658E99-9CA8-4A3B-BF4D-F4236B3F5594}.Debug|x86.ActiveCfg = Debug|iPhoneSimulator
		{3E658E99-9CA8-4A3B-BF4D-F4236B3F5594}.Debug|x86.Build.0 = Debug|iPhoneSimulator
		{3E658E99-9CA8-4A3B-BF4D-F4236B3F5594}.Debug|x86.Deploy.0 = Debug|iPhoneSimulator
		{3E658E99-9CA8-4A3B-BF4D-F4236B3F5594}.Release|Any CPU.ActiveCfg = Release|iPhoneSimulator
		{3E658E99-9CA8-4A3B-BF4D-F4236B3F5594}.Release|Any CPU.Build.0 = Release|iPhoneSimulator
		{3E658E99-9CA8-4A3B-BF4D-F4236B3F5594}.Release|Any CPU.Deploy.0 = Release|iPhoneSimulator
		{3E658E99-9CA8-4A3B-BF4D-F4236B3F5594}.Release|ARM.ActiveCfg = Release|iPhoneSimulator
		{3E658E99-9CA8-4A3B-BF4D-F4236B3F5594}.Release|ARM.Build.0 = Release|iPhoneSimulator
		{3E658E99-9CA8-4A3B-BF4D-F4236B3F5594}.Release|ARM.Deploy.0 = Release|iPhoneSimulator
		{3E658E99-9CA8-4A3B-BF4D-F4236B3F5594}.Release|iPhone.ActiveCfg = Release|iPhone
		{3E658E99-9CA8-4A3B-BF4D-F4236B3F5594}.Release|iPhone.Build.0 = Release|iPhone
		{3E658E99-9CA8-4A3B-BF4D-F4236B3F5594}.Release|iPhone.Deploy.0 = Release|iPhone
		{3E658E99-9CA8-4A3B-BF4D-F4236B3F5594}.Release|iPhoneSimulator.ActiveCfg = Release|iPhoneSimulator
		{3E658E99-9CA8-4A3B-BF4D-F4236B3F5594}.Release|iPhoneSimulator.Build.0 = Release|iPhoneSimulator
		{3E658E99-9CA8-4A3B-BF4D-F4236B3F5594}.Release|iPhoneSimulator.Deploy.0 = Release|iPhoneSimulator
		{3E658E99-9CA8-4A3B-BF4D-F4236B3F5594}.Release|x64.ActiveCfg = Release|iPhoneSimulator
		{3E658E99-9CA8-4A3B-BF4D-F4236B3F5594}.Release|x64.Build.0 = Release|iPhoneSimulator
		{3E658E99-9CA8-4A3B-BF4D-F4236B3F5594}.Release|x64.Deploy.0 = Release|iPhoneSimulator
		{3E658E99-9CA8-4A3B-BF4D-F4236B3F5594}.Release|x86.ActiveCfg = Release|iPhoneSimulator
		{3E658E99-9CA8-4A3B-BF4D-F4236B3F5594}.Release|x86.Build.0 = Release|iPhoneSimulator
		{3E658E99-9CA8-4A3B-BF4D-F4236B3F5594}.Release|x86.Deploy.0 = Release|iPhoneSimulator
		{F097E35B-FDC1-4F61-BCBA-2FA2BE5D4041}.Debug|Any CPU.ActiveCfg = Debug|Any CPU
		{F097E35B-FDC1-4F61-BCBA-2FA2BE5D4041}.Debug|Any CPU.Build.0 = Debug|Any CPU
		{F097E35B-FDC1-4F61-BCBA-2FA2BE5D4041}.Debug|Any CPU.Deploy.0 = Debug|Any CPU
		{F097E35B-FDC1-4F61-BCBA-2FA2BE5D4041}.Debug|ARM.ActiveCfg = Debug|Any CPU
		{F097E35B-FDC1-4F61-BCBA-2FA2BE5D4041}.Debug|ARM.Build.0 = Debug|Any CPU
		{F097E35B-FDC1-4F61-BCBA-2FA2BE5D4041}.Debug|ARM.Deploy.0 = Debug|Any CPU
		{F097E35B-FDC1-4F61-BCBA-2FA2BE5D4041}.Debug|iPhone.ActiveCfg = Debug|Any CPU
		{F097E35B-FDC1-4F61-BCBA-2FA2BE5D4041}.Debug|iPhone.Build.0 = Debug|Any CPU
		{F097E35B-FDC1-4F61-BCBA-2FA2BE5D4041}.Debug|iPhone.Deploy.0 = Debug|Any CPU
		{F097E35B-FDC1-4F61-BCBA-2FA2BE5D4041}.Debug|iPhoneSimulator.ActiveCfg = Debug|Any CPU
		{F097E35B-FDC1-4F61-BCBA-2FA2BE5D4041}.Debug|iPhoneSimulator.Build.0 = Debug|Any CPU
		{F097E35B-FDC1-4F61-BCBA-2FA2BE5D4041}.Debug|iPhoneSimulator.Deploy.0 = Debug|Any CPU
		{F097E35B-FDC1-4F61-BCBA-2FA2BE5D4041}.Debug|x64.ActiveCfg = Debug|Any CPU
		{F097E35B-FDC1-4F61-BCBA-2FA2BE5D4041}.Debug|x64.Build.0 = Debug|Any CPU
		{F097E35B-FDC1-4F61-BCBA-2FA2BE5D4041}.Debug|x64.Deploy.0 = Debug|Any CPU
		{F097E35B-FDC1-4F61-BCBA-2FA2BE5D4041}.Debug|x86.ActiveCfg = Debug|Any CPU
		{F097E35B-FDC1-4F61-BCBA-2FA2BE5D4041}.Debug|x86.Build.0 = Debug|Any CPU
		{F097E35B-FDC1-4F61-BCBA-2FA2BE5D4041}.Debug|x86.Deploy.0 = Debug|Any CPU
		{F097E35B-FDC1-4F61-BCBA-2FA2BE5D4041}.Release|Any CPU.ActiveCfg = Release|Any CPU
		{F097E35B-FDC1-4F61-BCBA-2FA2BE5D4041}.Release|Any CPU.Build.0 = Release|Any CPU
		{F097E35B-FDC1-4F61-BCBA-2FA2BE5D4041}.Release|Any CPU.Deploy.0 = Release|Any CPU
		{F097E35B-FDC1-4F61-BCBA-2FA2BE5D4041}.Release|ARM.ActiveCfg = Release|Any CPU
		{F097E35B-FDC1-4F61-BCBA-2FA2BE5D4041}.Release|ARM.Build.0 = Release|Any CPU
		{F097E35B-FDC1-4F61-BCBA-2FA2BE5D4041}.Release|ARM.Deploy.0 = Release|Any CPU
		{F097E35B-FDC1-4F61-BCBA-2FA2BE5D4041}.Release|iPhone.ActiveCfg = Release|Any CPU
		{F097E35B-FDC1-4F61-BCBA-2FA2BE5D4041}.Release|iPhone.Build.0 = Release|Any CPU
		{F097E35B-FDC1-4F61-BCBA-2FA2BE5D4041}.Release|iPhone.Deploy.0 = Release|Any CPU
		{F097E35B-FDC1-4F61-BCBA-2FA2BE5D4041}.Release|iPhoneSimulator.ActiveCfg = Release|Any CPU
		{F097E35B-FDC1-4F61-BCBA-2FA2BE5D4041}.Release|iPhoneSimulator.Build.0 = Release|Any CPU
		{F097E35B-FDC1-4F61-BCBA-2FA2BE5D4041}.Release|iPhoneSimulator.Deploy.0 = Release|Any CPU
		{F097E35B-FDC1-4F61-BCBA-2FA2BE5D4041}.Release|x64.ActiveCfg = Release|Any CPU
		{F097E35B-FDC1-4F61-BCBA-2FA2BE5D4041}.Release|x64.Build.0 = Release|Any CPU
		{F097E35B-FDC1-4F61-BCBA-2FA2BE5D4041}.Release|x64.Deploy.0 = Release|Any CPU
		{F097E35B-FDC1-4F61-BCBA-2FA2BE5D4041}.Release|x86.ActiveCfg = Release|Any CPU
		{F097E35B-FDC1-4F61-BCBA-2FA2BE5D4041}.Release|x86.Build.0 = Release|Any CPU
		{F097E35B-FDC1-4F61-BCBA-2FA2BE5D4041}.Release|x86.Deploy.0 = Release|Any CPU
	EndGlobalSection
	GlobalSection(SolutionProperties) = preSolution
		HideSolutionNode = FALSE
	EndGlobalSection
	GlobalSection(ExtensibilityGlobals) = postSolution
		SolutionGuid = {6479F185-3482-4E24-B6DA-243BDD528FB9}
	EndGlobalSection
EndGlobal
